
Microsoft Visual Studio Solution File, Format Version 12.00
# Visual Studio 15
VisualStudioVersion = 15.0.26430.12
MinimumVisualStudioVersion = 10.0.40219.1
Project("{FAE04EC0-301F-11D3-BF4B-00C04F79EFBC}") = "Lesson1.1", "Lesson1.1\Lesson1.1.csproj", "{8B42EC1C-26AA-48A9-B464-9B2F2BB51C3E}"
EndProject
Project("{FAE04EC0-301F-11D3-BF4B-00C04F79EFBC}") = "Lesson1.2", "Lesson1.2\Lesson1.2.csproj", "{2F30A5AD-08DB-435F-905D-FA4E63D063FB}"
EndProject
Project("{FAE04EC0-301F-11D3-BF4B-00C04F79EFBC}") = "Lesson1.3", "Lesson1.3\Lesson1.3.csproj", "{07D10D51-5DF4-42C0-9053-30D3DAD835A0}"
EndProject
Project("{FAE04EC0-301F-11D3-BF4B-00C04F79EFBC}") = "Lesson1.4", "Lesson1.4\Lesson1.4.csproj", "{19AAB791-6269-45C9-8016-087DEBAF9CAF}"
EndProject
Project("{2150E333-8FDC-42A3-9474-1A3956D46DE8}") = "Unit 1", "Unit 1", "{E903A5F6-FB26-47CB-836E-BFE825B1AC26}"
EndProject
Project("{FAE04EC0-301F-11D3-BF4B-00C04F79EFBC}") = "Lesson1.5", "Lesson1.5\Lesson1.5.csproj", "{D0F14589-95D1-4FE4-80A5-48CCAF59DF60}"
EndProject
Project("{FAE04EC0-301F-11D3-BF4B-00C04F79EFBC}") = "Lesson1.6", "Lesson1.6\Lesson1.6.csproj", "{5A8EE461-F088-405D-81CE-B7E870FF866F}"
EndProject
Project("{2150E333-8FDC-42A3-9474-1A3956D46DE8}") = "Unit 2", "Unit 2", "{190B3D5C-E6BE-495E-9439-D07EA87B61BA}"
EndProject
Project("{FAE04EC0-301F-11D3-BF4B-00C04F79EFBC}") = "Lesson2.1", "Lesson2.1\Lesson2.1.csproj", "{0868BCA7-9A52-4DFC-956E-AC048862C828}"
EndProject
Project("{FAE04EC0-301F-11D3-BF4B-00C04F79EFBC}") = "Lesson2.2", "Lesson2.2\Lesson2.2.csproj", "{11921EE7-BF01-4AA6-A08B-9A0E72638993}"
EndProject
Project("{FAE04EC0-301F-11D3-BF4B-00C04F79EFBC}") = "Lesson2.3", "Lesson2.3\Lesson2.3.csproj", "{10601E78-B45E-4EB9-83BB-F42EBDC18B14}"
EndProject
Global
	GlobalSection(SolutionConfigurationPlatforms) = preSolution
		Debug|Any CPU = Debug|Any CPU
		Release|Any CPU = Release|Any CPU
	EndGlobalSection
	GlobalSection(ProjectConfigurationPlatforms) = postSolution
		{8B42EC1C-26AA-48A9-B464-9B2F2BB51C3E}.Debug|Any CPU.ActiveCfg = Debug|Any CPU
		{8B42EC1C-26AA-48A9-B464-9B2F2BB51C3E}.Debug|Any CPU.Build.0 = Debug|Any CPU
		{8B42EC1C-26AA-48A9-B464-9B2F2BB51C3E}.Release|Any CPU.ActiveCfg = Release|Any CPU
		{8B42EC1C-26AA-48A9-B464-9B2F2BB51C3E}.Release|Any CPU.Build.0 = Release|Any CPU
		{2F30A5AD-08DB-435F-905D-FA4E63D063FB}.Debug|Any CPU.ActiveCfg = Debug|Any CPU
		{2F30A5AD-08DB-435F-905D-FA4E63D063FB}.Debug|Any CPU.Build.0 = Debug|Any CPU
		{2F30A5AD-08DB-435F-905D-FA4E63D063FB}.Release|Any CPU.ActiveCfg = Release|Any CPU
		{2F30A5AD-08DB-435F-905D-FA4E63D063FB}.Release|Any CPU.Build.0 = Release|Any CPU
		{07D10D51-5DF4-42C0-9053-30D3DAD835A0}.Debug|Any CPU.ActiveCfg = Debug|Any CPU
		{07D10D51-5DF4-42C0-9053-30D3DAD835A0}.Debug|Any CPU.Build.0 = Debug|Any CPU
		{07D10D51-5DF4-42C0-9053-30D3DAD835A0}.Release|Any CPU.ActiveCfg = Release|Any CPU
		{07D10D51-5DF4-42C0-9053-30D3DAD835A0}.Release|Any CPU.Build.0 = Release|Any CPU
		{19AAB791-6269-45C9-8016-087DEBAF9CAF}.Debug|Any CPU.ActiveCfg = Debug|Any CPU
		{19AAB791-6269-45C9-8016-087DEBAF9CAF}.Debug|Any CPU.Build.0 = Debug|Any CPU
		{19AAB791-6269-45C9-8016-087DEBAF9CAF}.Release|Any CPU.ActiveCfg = Release|Any CPU
		{19AAB791-6269-45C9-8016-087DEBAF9CAF}.Release|Any CPU.Build.0 = Release|Any CPU
		{D0F14589-95D1-4FE4-80A5-48CCAF59DF60}.Debug|Any CPU.ActiveCfg = Debug|Any CPU
		{D0F14589-95D1-4FE4-80A5-48CCAF59DF60}.Debug|Any CPU.Build.0 = Debug|Any CPU
		{D0F14589-95D1-4FE4-80A5-48CCAF59DF60}.Release|Any CPU.ActiveCfg = Release|Any CPU
		{D0F14589-95D1-4FE4-80A5-48CCAF59DF60}.Release|Any CPU.Build.0 = Release|Any CPU
		{5A8EE461-F088-405D-81CE-B7E870FF866F}.Debug|Any CPU.ActiveCfg = Debug|Any CPU
		{5A8EE461-F088-405D-81CE-B7E870FF866F}.Debug|Any CPU.Build.0 = Debug|Any CPU
		{5A8EE461-F088-405D-81CE-B7E870FF866F}.Release|Any CPU.ActiveCfg = Release|Any CPU
		{5A8EE461-F088-405D-81CE-B7E870FF866F}.Release|Any CPU.Build.0 = Release|Any CPU
		{0868BCA7-9A52-4DFC-956E-AC048862C828}.Debug|Any CPU.ActiveCfg = Debug|Any CPU
		{0868BCA7-9A52-4DFC-956E-AC048862C828}.Debug|Any CPU.Build.0 = Debug|Any CPU
		{0868BCA7-9A52-4DFC-956E-AC048862C828}.Release|Any CPU.ActiveCfg = Release|Any CPU
		{0868BCA7-9A52-4DFC-956E-AC048862C828}.Release|Any CPU.Build.0 = Release|Any CPU
		{11921EE7-BF01-4AA6-A08B-9A0E72638993}.Debug|Any CPU.ActiveCfg = Debug|Any CPU
		{11921EE7-BF01-4AA6-A08B-9A0E72638993}.Debug|Any CPU.Build.0 = Debug|Any CPU
		{11921EE7-BF01-4AA6-A08B-9A0E72638993}.Release|Any CPU.ActiveCfg = Release|Any CPU
		{11921EE7-BF01-4AA6-A08B-9A0E72638993}.Release|Any CPU.Build.0 = Release|Any CPU
		{10601E78-B45E-4EB9-83BB-F42EBDC18B14}.Debug|Any CPU.ActiveCfg = Debug|Any CPU
		{10601E78-B45E-4EB9-83BB-F42EBDC18B14}.Debug|Any CPU.Build.0 = Debug|Any CPU
		{10601E78-B45E-4EB9-83BB-F42EBDC18B14}.Release|Any CPU.ActiveCfg = Release|Any CPU
		{10601E78-B45E-4EB9-83BB-F42EBDC18B14}.Release|Any CPU.Build.0 = Release|Any CPU
	EndGlobalSection
	GlobalSection(SolutionProperties) = preSolution
		HideSolutionNode = FALSE
	EndGlobalSection
	GlobalSection(NestedProjects) = preSolution
		{8B42EC1C-26AA-48A9-B464-9B2F2BB51C3E} = {E903A5F6-FB26-47CB-836E-BFE825B1AC26}
		{2F30A5AD-08DB-435F-905D-FA4E63D063FB} = {E903A5F6-FB26-47CB-836E-BFE825B1AC26}
		{07D10D51-5DF4-42C0-9053-30D3DAD835A0} = {E903A5F6-FB26-47CB-836E-BFE825B1AC26}
		{19AAB791-6269-45C9-8016-087DEBAF9CAF} = {E903A5F6-FB26-47CB-836E-BFE825B1AC26}
		{D0F14589-95D1-4FE4-80A5-48CCAF59DF60} = {E903A5F6-FB26-47CB-836E-BFE825B1AC26}
		{5A8EE461-F088-405D-81CE-B7E870FF866F} = {E903A5F6-FB26-47CB-836E-BFE825B1AC26}
		{0868BCA7-9A52-4DFC-956E-AC048862C828} = {190B3D5C-E6BE-495E-9439-D07EA87B61BA}
		{11921EE7-BF01-4AA6-A08B-9A0E72638993} = {190B3D5C-E6BE-495E-9439-D07EA87B61BA}
		{10601E78-B45E-4EB9-83BB-F42EBDC18B14} = {190B3D5C-E6BE-495E-9439-D07EA87B61BA}
	EndGlobalSection
EndGlobal
